{
  "name": "@yujeongjeon/npm-monorepo",
  "version": "0.0.1",
  "lockfileVersion": 2,
  "requires": true,
  "packages": {
    "": {
      "name": "@yujeongjeon/npm-monorepo",
      "version": "0.0.1",
      "license": "ISC",
      "workspaces": [
        "./packages/*"
      ],
      "devDependencies": {
        "prettier": "^2.5.1"
      }
    },
    "node_modules/@yujeongjeon/a": {
      "resolved": "packages/a",
      "link": true
    },
    "node_modules/@yujeongjeon/b": {
      "resolved": "packages/b",
      "link": true
    },
    "node_modules/lodash": {
      "version": "4.17.21",
      "resolved": "https://repo.fin.navercorp.com/repository/npm-public/lodash/-/lodash-4.17.21.tgz",
      "integrity": "sha512-v2kDEe57lecTulaDIuNTPy3Ry4gLGJ6Z1O3vE1krgXZNrsQ+LFTGHVxVjcXPs17LhbZVGedAJv8XZ1tvj5FvSg==",
      "license": "MIT"
    },
    "node_modules/prettier": {
      "version": "2.5.1",
      "resolved": "https://repo.fin.navercorp.com/repository/npm-public/prettier/-/prettier-2.5.1.tgz",
      "integrity": "sha512-vBZcPRUR5MZJwoyi3ZoyQlc1rXeEck8KgeC9AwwOn+exuxLxq5toTRDTSaVrXHxelDMHy9zlicw8u66yxoSUFg==",
      "dev": true,
      "license": "MIT",
      "bin": {
        "prettier": "bin-prettier.js"
      },
      "engines": {
        "node": ">=10.13.0"
      }
    },
    "packages/a": {
      "name": "@yujeongjeon/a",
      "version": "0.0.1",
      "license": "ISC",
      "dependencies": {
        "lodash": "^4.17.21"
      }
    },
    "packages/b": {
      "name": "@yujeongjeon/b",
      "version": "0.0.1",
      "license": "ISC"
    }
  },
  "dependencies": {
    "@yujeongjeon/a": {
      "version": "file:packages/a",
      "requires": {
        "lodash": "^4.17.21"
      }
    },
    "@yujeongjeon/b": {
      "version": "file:packages/b"
    },
    "lodash": {
      "version": "4.17.21",
      "resolved": "https://repo.fin.navercorp.com/repository/npm-public/lodash/-/lodash-4.17.21.tgz",
      "integrity": "sha512-v2kDEe57lecTulaDIuNTPy3Ry4gLGJ6Z1O3vE1krgXZNrsQ+LFTGHVxVjcXPs17LhbZVGedAJv8XZ1tvj5FvSg=="
    },
    "prettier": {
      "version": "2.5.1",
      "resolved": "https://repo.fin.navercorp.com/repository/npm-public/prettier/-/prettier-2.5.1.tgz",
      "integrity": "sha512-vBZcPRUR5MZJwoyi3ZoyQlc1rXeEck8KgeC9AwwOn+exuxLxq5toTRDTSaVrXHxelDMHy9zlicw8u66yxoSUFg==",
      "dev": true
    }
  }
}
